{
  "name": "@neurospeech/eternity",
  "version": "1.0.1",
  "lockfileVersion": 2,
  "requires": true,
  "packages": {
    "": {
      "name": "@neurospeech/eternity",
      "version": "1.0.1",
      "bundleDependencies": [
        "@web-atoms/core",
        "@web-atoms/web-controls",
        "chart.js"
      ],
      "license": "ISC",
      "dependencies": {
        "@web-atoms/core": "^2.1.384",
        "@web-atoms/entity": "^2.2.71",
        "@web-atoms/web-controls": "^2.1.287",
        "chart.js": "^3.8.0"
      }
    },
    "node_modules/@web-atoms/core": {
      "version": "2.1.384",
      "resolved": "https://registry.npmjs.org/@web-atoms/core/-/core-2.1.384.tgz",
      "integrity": "sha512-QEWCEsclet54Vz/5WGq1xS/yd0vFY7pFFEUN9w2o0776DCGaKG8KsAzgAVaDDGE0T56ZFnsY1YG6lP80HjamEw==",
      "inBundle": true,
      "dependencies": {
        "@web-atoms/date-time": "^1.0.26",
        "reflect-metadata": "^0.1.13"
      }
    },
    "node_modules/@web-atoms/date-time": {
      "version": "1.0.29",
      "resolved": "https://registry.npmjs.org/@web-atoms/date-time/-/date-time-1.0.29.tgz",
      "integrity": "sha512-ovS+iumk4oRqlg4g3JvmUxx8k031di0bCnnRMBR8hcQSYjlQ54/Tk8ncLpghFpch8sc0Px9fREW54EY1Gh6zjg==",
      "inBundle": true
    },
    "node_modules/@web-atoms/entity": {
      "version": "2.2.71",
      "resolved": "https://registry.npmjs.org/@web-atoms/entity/-/entity-2.2.71.tgz",
      "integrity": "sha512-h8+IJdX4VWnGeljhAVJYQ1S46INv+REtsWZAowL77X9X5K4R8nKqDejRDTbQbv9BdzS0RrvlVwIqrm34noCrbg==",
      "dependencies": {
        "@web-atoms/core": "^v2.1.383",
        "@web-atoms/date-time": "^1.0.26",
        "@web-atoms/module-loader": "^2.0.5",
        "@web-atoms/web-controls": "^2.1.1",
        "reflect-metadata": "^0.1.13"
      }
    },
    "node_modules/@web-atoms/module-loader": {
      "version": "2.0.44",
      "resolved": "https://registry.npmjs.org/@web-atoms/module-loader/-/module-loader-2.0.44.tgz",
      "integrity": "sha512-9CBri2QCjoLwNImS1T5Z2qvV/buW3CptgNbPII9ZxExLmamVyLVm5fsj1cZGPD8AUI/kQJhlNWILZtGLPFKGBQ==",
      "inBundle": true
    },
    "node_modules/@web-atoms/web-controls": {
      "version": "2.1.287",
      "resolved": "https://registry.npmjs.org/@web-atoms/web-controls/-/web-controls-2.1.287.tgz",
      "integrity": "sha512-uD3XWsBWSXE1PZOfdlbT+clKdP9S6vpCdOkgNXgCIurouA1xYMpZNUfqyr4AHyZ/0Wc/GDdW1IecA2QsqhpVig==",
      "inBundle": true,
      "dependencies": {
        "@web-atoms/core": "^2.1.378",
        "@web-atoms/date-time": "^1.0.26",
        "@web-atoms/module-loader": "^2.0.36",
        "reflect-metadata": "^0.1.13"
      }
    },
    "node_modules/chart.js": {
      "version": "3.8.0",
      "resolved": "https://registry.npmjs.org/chart.js/-/chart.js-3.8.0.tgz",
      "integrity": "sha512-cr8xhrXjLIXVLOBZPkBZVF6NDeiVIrPLHcMhnON7UufudL+CNeRrD+wpYanswlm8NpudMdrt3CHoLMQMxJhHRg==",
      "inBundle": true
    },
    "node_modules/reflect-metadata": {
      "version": "0.1.13",
      "resolved": "https://registry.npmjs.org/reflect-metadata/-/reflect-metadata-0.1.13.tgz",
      "integrity": "sha512-Ts1Y/anZELhSsjMcU605fU9RE4Oi3p5ORujwbIKXfWa+0Zxs510Qrmrce5/Jowq3cHSZSJqBjypxmHarc+vEWg==",
      "inBundle": true
    }
  },
  "dependencies": {
    "@web-atoms/core": {
      "version": "2.1.384",
      "resolved": "https://registry.npmjs.org/@web-atoms/core/-/core-2.1.384.tgz",
      "integrity": "sha512-QEWCEsclet54Vz/5WGq1xS/yd0vFY7pFFEUN9w2o0776DCGaKG8KsAzgAVaDDGE0T56ZFnsY1YG6lP80HjamEw==",
      "requires": {
        "@web-atoms/date-time": "^1.0.26",
        "reflect-metadata": "^0.1.13"
      }
    },
    "@web-atoms/date-time": {
      "version": "1.0.29",
      "resolved": "https://registry.npmjs.org/@web-atoms/date-time/-/date-time-1.0.29.tgz",
      "integrity": "sha512-ovS+iumk4oRqlg4g3JvmUxx8k031di0bCnnRMBR8hcQSYjlQ54/Tk8ncLpghFpch8sc0Px9fREW54EY1Gh6zjg=="
    },
    "@web-atoms/entity": {
      "version": "2.2.71",
      "resolved": "https://registry.npmjs.org/@web-atoms/entity/-/entity-2.2.71.tgz",
      "integrity": "sha512-h8+IJdX4VWnGeljhAVJYQ1S46INv+REtsWZAowL77X9X5K4R8nKqDejRDTbQbv9BdzS0RrvlVwIqrm34noCrbg==",
      "requires": {
        "@web-atoms/core": "^v2.1.383",
        "@web-atoms/date-time": "^1.0.26",
        "@web-atoms/module-loader": "^2.0.5",
        "@web-atoms/web-controls": "^2.1.1",
        "reflect-metadata": "^0.1.13"
      }
    },
    "@web-atoms/module-loader": {
      "version": "2.0.44",
      "resolved": "https://registry.npmjs.org/@web-atoms/module-loader/-/module-loader-2.0.44.tgz",
      "integrity": "sha512-9CBri2QCjoLwNImS1T5Z2qvV/buW3CptgNbPII9ZxExLmamVyLVm5fsj1cZGPD8AUI/kQJhlNWILZtGLPFKGBQ=="
    },
    "@web-atoms/web-controls": {
      "version": "2.1.287",
      "resolved": "https://registry.npmjs.org/@web-atoms/web-controls/-/web-controls-2.1.287.tgz",
      "integrity": "sha512-uD3XWsBWSXE1PZOfdlbT+clKdP9S6vpCdOkgNXgCIurouA1xYMpZNUfqyr4AHyZ/0Wc/GDdW1IecA2QsqhpVig==",
      "requires": {
        "@web-atoms/core": "^2.1.378",
        "@web-atoms/date-time": "^1.0.26",
        "@web-atoms/module-loader": "^2.0.36",
        "reflect-metadata": "^0.1.13"
      }
    },
    "chart.js": {
      "version": "3.8.0",
      "resolved": "https://registry.npmjs.org/chart.js/-/chart.js-3.8.0.tgz",
      "integrity": "sha512-cr8xhrXjLIXVLOBZPkBZVF6NDeiVIrPLHcMhnON7UufudL+CNeRrD+wpYanswlm8NpudMdrt3CHoLMQMxJhHRg=="
    },
    "reflect-metadata": {
      "version": "0.1.13",
      "resolved": "https://registry.npmjs.org/reflect-metadata/-/reflect-metadata-0.1.13.tgz",
      "integrity": "sha512-Ts1Y/anZELhSsjMcU605fU9RE4Oi3p5ORujwbIKXfWa+0Zxs510Qrmrce5/Jowq3cHSZSJqBjypxmHarc+vEWg=="
    }
  }
}
